
Microsoft Visual Studio Solution File, Format Version 12.00
# Visual Studio Version 16
VisualStudioVersion = 16.0.31313.79
MinimumVisualStudioVersion = 10.0.40219.1
Project("{FAE04EC0-301F-11D3-BF4B-00C04F79EFBC}") = "University.DataBase", "University.DataBase\University.DataBase.csproj", "{10351A48-7425-4542-91AB-F2BDAF60D84A}"
EndProject
Global
	GlobalSection(SolutionConfigurationPlatforms) = preSolution
		Debug|Any CPU = Debug|Any CPU
		Release|Any CPU = Release|Any CPU
	EndGlobalSection
	GlobalSection(ProjectConfigurationPlatforms) = postSolution
		{10351A48-7425-4542-91AB-F2BDAF60D84A}.Debug|Any CPU.ActiveCfg = Debug|Any CPU
		{10351A48-7425-4542-91AB-F2BDAF60D84A}.Debug|Any CPU.Build.0 = Debug|Any CPU
		{10351A48-7425-4542-91AB-F2BDAF60D84A}.Release|Any CPU.ActiveCfg = Release|Any CPU
		{10351A48-7425-4542-91AB-F2BDAF60D84A}.Release|Any CPU.Build.0 = Release|Any CPU
	EndGlobalSection
	GlobalSection(SolutionProperties) = preSolution
		HideSolutionNode = FALSE
	EndGlobalSection
	GlobalSection(ExtensibilityGlobals) = postSolution
		SolutionGuid = {7EADBBD5-2EAD-425A-A10C-D798AD4AAD41}
	EndGlobalSection
EndGlobal
